
Microsoft Visual Studio Solution File, Format Version 12.00
# Visual Studio Version 17
VisualStudioVersion = 17.3.32929.385
MinimumVisualStudioVersion = 10.0.40219.1
Project("{9A19103F-16F7-4668-BE54-9A1E7A4F7556}") = "CanYouPass", "CanYouPass\CanYouPass.csproj", "{2A305A48-B58D-44A4-BECA-60D6F19748AE}"
EndProject
Project("{FAE04EC0-301F-11D3-BF4B-00C04F79EFBC}") = "AverageGrade", "AverageGrade\AverageGrade.csproj", "{4145EC13-BFFE-43D7-BFA3-1BEA3FA73967}"
EndProject
Global
	GlobalSection(SolutionConfigurationPlatforms) = preSolution
		Debug|Any CPU = Debug|Any CPU
		Release|Any CPU = Release|Any CPU
	EndGlobalSection
	GlobalSection(ProjectConfigurationPlatforms) = postSolution
		{2A305A48-B58D-44A4-BECA-60D6F19748AE}.Debug|Any CPU.ActiveCfg = Debug|Any CPU
		{2A305A48-B58D-44A4-BECA-60D6F19748AE}.Debug|Any CPU.Build.0 = Debug|Any CPU
		{2A305A48-B58D-44A4-BECA-60D6F19748AE}.Release|Any CPU.ActiveCfg = Release|Any CPU
		{2A305A48-B58D-44A4-BECA-60D6F19748AE}.Release|Any CPU.Build.0 = Release|Any CPU
		{4145EC13-BFFE-43D7-BFA3-1BEA3FA73967}.Debug|Any CPU.ActiveCfg = Debug|Any CPU
		{4145EC13-BFFE-43D7-BFA3-1BEA3FA73967}.Debug|Any CPU.Build.0 = Debug|Any CPU
		{4145EC13-BFFE-43D7-BFA3-1BEA3FA73967}.Release|Any CPU.ActiveCfg = Release|Any CPU
		{4145EC13-BFFE-43D7-BFA3-1BEA3FA73967}.Release|Any CPU.Build.0 = Release|Any CPU
	EndGlobalSection
	GlobalSection(SolutionProperties) = preSolution
		HideSolutionNode = FALSE
	EndGlobalSection
	GlobalSection(ExtensibilityGlobals) = postSolution
		SolutionGuid = {A4C34003-98B5-46B1-B14F-F2FA09F5498C}
	EndGlobalSection
EndGlobal
