
Microsoft Visual Studio Solution File, Format Version 12.00
# Visual Studio Version 17
VisualStudioVersion = 17.3.32929.385
MinimumVisualStudioVersion = 10.0.40219.1
Project("{9A19103F-16F7-4668-BE54-9A1E7A4F7556}") = "CanYouPass", "CanYouPass\CanYouPass.csproj", "{2A305A48-B58D-44A4-BECA-60D6F19748AE}"
EndProject
Project("{9A19103F-16F7-4668-BE54-9A1E7A4F7556}") = "AverageGrade", "AverageGrade\AverageGrade.csproj", "{4145EC13-BFFE-43D7-BFA3-1BEA3FA73967}"
EndProject
Project("{FAE04EC0-301F-11D3-BF4B-00C04F79EFBC}") = "InYourPrime", "InYourPrime\InYourPrime.csproj", "{2DA847FE-3337-4B4A-BF93-D30E9F4964A3}"
EndProject
Project("{FAE04EC0-301F-11D3-BF4B-00C04F79EFBC}") = "Availability", "Availability\Availability.csproj", "{10BCCCCF-13F8-4C27-B767-F38AEFF3194F}"
EndProject
Project("{FAE04EC0-301F-11D3-BF4B-00C04F79EFBC}") = "YourAge", "YourAge\YourAge.csproj", "{F7360FD8-0A8C-4B0A-88B6-1965FBA9699C}"
EndProject
Global
	GlobalSection(SolutionConfigurationPlatforms) = preSolution
		Debug|Any CPU = Debug|Any CPU
		Release|Any CPU = Release|Any CPU
	EndGlobalSection
	GlobalSection(ProjectConfigurationPlatforms) = postSolution
		{2A305A48-B58D-44A4-BECA-60D6F19748AE}.Debug|Any CPU.ActiveCfg = Debug|Any CPU
		{2A305A48-B58D-44A4-BECA-60D6F19748AE}.Debug|Any CPU.Build.0 = Debug|Any CPU
		{2A305A48-B58D-44A4-BECA-60D6F19748AE}.Release|Any CPU.ActiveCfg = Release|Any CPU
		{2A305A48-B58D-44A4-BECA-60D6F19748AE}.Release|Any CPU.Build.0 = Release|Any CPU
		{4145EC13-BFFE-43D7-BFA3-1BEA3FA73967}.Debug|Any CPU.ActiveCfg = Debug|Any CPU
		{4145EC13-BFFE-43D7-BFA3-1BEA3FA73967}.Debug|Any CPU.Build.0 = Debug|Any CPU
		{4145EC13-BFFE-43D7-BFA3-1BEA3FA73967}.Release|Any CPU.ActiveCfg = Release|Any CPU
		{4145EC13-BFFE-43D7-BFA3-1BEA3FA73967}.Release|Any CPU.Build.0 = Release|Any CPU
		{2DA847FE-3337-4B4A-BF93-D30E9F4964A3}.Debug|Any CPU.ActiveCfg = Debug|Any CPU
		{2DA847FE-3337-4B4A-BF93-D30E9F4964A3}.Debug|Any CPU.Build.0 = Debug|Any CPU
		{2DA847FE-3337-4B4A-BF93-D30E9F4964A3}.Release|Any CPU.ActiveCfg = Release|Any CPU
		{2DA847FE-3337-4B4A-BF93-D30E9F4964A3}.Release|Any CPU.Build.0 = Release|Any CPU
		{10BCCCCF-13F8-4C27-B767-F38AEFF3194F}.Debug|Any CPU.ActiveCfg = Debug|Any CPU
		{10BCCCCF-13F8-4C27-B767-F38AEFF3194F}.Debug|Any CPU.Build.0 = Debug|Any CPU
		{10BCCCCF-13F8-4C27-B767-F38AEFF3194F}.Release|Any CPU.ActiveCfg = Release|Any CPU
		{10BCCCCF-13F8-4C27-B767-F38AEFF3194F}.Release|Any CPU.Build.0 = Release|Any CPU
		{F7360FD8-0A8C-4B0A-88B6-1965FBA9699C}.Debug|Any CPU.ActiveCfg = Debug|Any CPU
		{F7360FD8-0A8C-4B0A-88B6-1965FBA9699C}.Debug|Any CPU.Build.0 = Debug|Any CPU
		{F7360FD8-0A8C-4B0A-88B6-1965FBA9699C}.Release|Any CPU.ActiveCfg = Release|Any CPU
		{F7360FD8-0A8C-4B0A-88B6-1965FBA9699C}.Release|Any CPU.Build.0 = Release|Any CPU
	EndGlobalSection
	GlobalSection(SolutionProperties) = preSolution
		HideSolutionNode = FALSE
	EndGlobalSection
	GlobalSection(ExtensibilityGlobals) = postSolution
		SolutionGuid = {A4C34003-98B5-46B1-B14F-F2FA09F5498C}
	EndGlobalSection
EndGlobal
